lockfileVersion: '9.0'

settings:
  autoInstallPeers: true
  excludeLinksFromLockfile: false

importers:

  .:
    dependencies:
      google-translate-api-x:
        specifier: ^10.7.0
        version: 10.7.2
      js-yaml:
        specifier: ^4.1.0
        version: 4.1.1

packages:

  argparse@2.0.1:
    resolution: {integrity: sha512-8+9WqebbFzpX9OR+Wa6O29asIogeRMzcGtAINdpMHHyAg10f05aSFVBbcEqGf/PXw1EjAZ+q2/bEBg3DvurK3Q==}

  google-translate-api-x@10.7.2:
    resolution: {integrity: sha512-GSmbvGMcnULaih2NFgD4Y6840DLAMot90mLWgwoB+FG/QpetyZkFrZkxop8ZxXgOAQXGskFOhGJady8nA6ZJ2g==}
    engines: {node: '>=14.0.0'}

  js-yaml@4.1.1:
    resolution: {integrity: sha512-qQKT4zQxXl8lLwBtHMWwaTcGfFOZviOJet3Oy/xmGk2gZH677CJM9EvtfdSkgWcATZhj/55JZ0rmy3myCT5lsA==}
    hasBin: true

snapshots:

  argparse@2.0.1: {}

  google-translate-api-x@10.7.2: {}

  js-yaml@4.1.1:
    dependencies:
      argparse: 2.0.1
