lockfileVersion: '9.0'

settings:
  autoInstallPeers: true
  excludeLinksFromLockfile: false

importers:

  .:
    devDependencies:
      graphql:
        specifier: 16.11.0
        version: 16.11.0
      oxlint:
        specifier: 1.81.0
        version: 1.81.0
      yaml:
        specifier: 2.9.0
        version: 2.9.0

  packages/python: {}

  packages/typescript:
    devDependencies:
      '@types/node':
        specifier: 25.5.2
        version: 25.5.2
      typescript:
        specifier: 6.0.3
        version: 6.0.3

packages:

  '@oxlint/binding-android-arm-eabi@1.81.0':
    resolution: {integrity: sha512-IcCRsXiedJoJopY6mpZUBEeVFsUrutmrG7dZ87zMuKJlhg70Ora9bBl1WcCxZQtyI10YpnVdEso5oCg7YcfSHw==}
    engines: {node: ^20.19.0 || >=22.12.0}
    cpu: [arm]
    os: [android]

  '@oxlint/binding-android-arm64@1.81.0':
    resolution: {integrity: sha512-GRrIPyTGVhx3L3h+0T5xT2A0jFAcdPv4+IfuXpGDLIdl6XeYhgg/zw72A5ILZoUgRqZuM8F1y+V/gfDriXSxzQ==}
    engines: {node: ^20.19.0 || >=22.12.0}
    cpu: [arm64]
    os: [android]

  '@oxlint/binding-darwin-arm64@1.81.0':
    resolution: {integrity: sha512-qNQ9tXRgLuKbqSV1S2h9h4KPHjbovO7RRR2/enUOtHzTkFZ7B9X5zqqHJua8dRyc7dBy7Aoyq5pqTSLFVcAzGQ==}
    engines: {node: ^20.19.0 || >=22.12.0}
    cpu: [arm64]
    os: [darwin]

  '@oxlint/binding-darwin-x64@1.81.0':
    resolution: {integrity: sha512-q0QTm32jWga2Gv4j7IaVZN0jYMi9UV73sWVgFtDA4iIfqwMCLLZ3ve+9KwfYtsaKZSgQhmPaogeZWqDZpcY1Pw==}
    engines: {node: ^20.19.0 || >=22.12.0}
    cpu: [x64]
    os: [darwin]

  '@oxlint/binding-freebsd-x64@1.81.0':
    resolution: {integrity: sha512-/+8wVWDXEC7wHVAhOc59Fw/SkMc1arLkFD8iQCaSsmzenK1X4doFqquL9H1wrtGUzaiycVqkf/sSpcILK6W1UA==}
    engines: {node: ^20.19.0 || >=22.12.0}
    cpu: [x64]
    os: [freebsd]

  '@oxlint/binding-linux-arm-gnueabihf@1.81.0':
    resolution: {integrity: sha512-4xt422FEgioRq9hAL4Tq7fujGUWnc8z1BJ+Oi8RN8vB8axaP+sdK6a2xdlcQCCYnJg9QMuMFS0AucuIFx/EacA==}
    engines: {node: ^20.19.0 || >=22.12.0}
    cpu: [arm]
    os: [linux]

  '@oxlint/binding-linux-arm-musleabihf@1.81.0':
    resolution: {integrity: sha512-u3vna8KdGplH4DRCW9K54D68fcMo7IxVrkCJWwXnIhwtBdnDnYrmzOUA/XjmBlPpcLsgw9Z5BNdY4za9+Dj+MQ==}
    engines: {node: ^20.19.0 || >=22.12.0}
    cpu: [arm]
    os: [linux]

  '@oxlint/binding-linux-arm64-gnu@1.81.0':
    resolution: {integrity: sha512-3j9k+gsYsE7nv71GWotXsqsa2l9/aJenD7dVHNt/CBvsb0SgRjSMnHFeP59IXUAl1wvVFhqGl2wJNMwWU3UBlA==}
    engines: {node: ^20.19.0 || >=22.12.0}
    cpu: [arm64]
    os: [linux]
    libc: [glibc]

  '@oxlint/binding-linux-arm64-musl@1.81.0':
    resolution: {integrity: sha512-k5iAp3dNxW0/uDCBY+WSm8jKB2szu7SkEQZdgRRpDXvuDd69vvDcqhB3A/pWCfCwXyenjNjFn9Td1fVoyAc+Yg==}
    engines: {node: ^20.19.0 || >=22.12.0}
    cpu: [arm64]
    os: [linux]
    libc: [musl]

  '@oxlint/binding-linux-ppc64-gnu@1.81.0':
    resolution: {integrity: sha512-TFqLja3uYmVSte6nof9GWrex9Z8WgdZrNiLC6Te5rXGDqXB2y4j/26iFhwosXiAFqDhE9JJVuuCkDKLwptTn1g==}
    engines: {node: ^20.19.0 || >=22.12.0}
    cpu: [ppc64]
    os: [linux]
    libc: [glibc]

  '@oxlint/binding-linux-riscv64-gnu@1.81.0':
    resolution: {integrity: sha512-UEcySvGS0NOVo7h7n7CYyJL9+6gFAh7Zc/ToDXVScFvzHSTIxtzkMVU30rmQ6+nQ1LF+UdiRDdJajpDu+OylLg==}
    engines: {node: ^20.19.0 || >=22.12.0}
    cpu: [riscv64]
    os: [linux]
    libc: [glibc]

  '@oxlint/binding-linux-riscv64-musl@1.81.0':
    resolution: {integrity: sha512-H+diDbhD00+wI1IRP8Kz88x/lat+DgtoBJzoTthS16xkTJGNaEkfb8gzmd1rzc/2uDQQMl7GNl+JFUacVeWxIA==}
    engines: {node: ^20.19.0 || >=22.12.0}
    cpu: [riscv64]
    os: [linux]
    libc: [musl]

  '@oxlint/binding-linux-s390x-gnu@1.81.0':
    resolution: {integrity: sha512-8znJ/5TekjOKg1j1Acho4PJMdiAHLtlcXuWEiipOhAMV6rQcXdmDdXCbheyDczN6TjBwiNfjcP81k4AthrKRzw==}
    engines: {node: ^20.19.0 || >=22.12.0}
    cpu: [s390x]
    os: [linux]
    libc: [glibc]

  '@oxlint/binding-linux-x64-gnu@1.81.0':
    resolution: {integrity: sha512-Q2Wj70yFsvn5QjlmifFzbj4H+kJy53bwqc41o1fzoM7MpLV1NIbhg/LpWXRfC6KOkSAdUx1Wd8VJsdPmhp/HRA==}
    engines: {node: ^20.19.0 || >=22.12.0}
    cpu: [x64]
    os: [linux]
    libc: [glibc]

  '@oxlint/binding-linux-x64-musl@1.81.0':
    resolution: {integrity: sha512-cPInHp/ddEe5qkyK2IiyQ8Q3Mp2oLLEhhsGgTK2oZx4L6+llGam1H1yBvJZ7qHfOXj8N3hxBS8sj4tO+gtFlIg==}
    engines: {node: ^20.19.0 || >=22.12.0}
    cpu: [x64]
    os: [linux]
    libc: [musl]

  '@oxlint/binding-openharmony-arm64@1.81.0':
    resolution: {integrity: sha512-0CQxSX4ajqm07AHBf5U33qQzXKdd7wtq/oTL/7vpY6RNNuxrRi8W4bqUV1Jyu/vj+9KmxQyDhxfeVX1nQL6kfg==}
    engines: {node: ^20.19.0 || >=22.12.0}
    cpu: [arm64]
    os: [openharmony]

  '@oxlint/binding-win32-arm64-msvc@1.81.0':
    resolution: {integrity: sha512-l0hbeISm9673hVrrQU8j/p2M7YH9Ouoj7p7E/QM55NTrKVLP+P3PF8hLu+OY+x0VtGRW+ggiQKZqmdYps9H+TA==}
    engines: {node: ^20.19.0 || >=22.12.0}
    cpu: [arm64]
    os: [win32]

  '@oxlint/binding-win32-ia32-msvc@1.81.0':
    resolution: {integrity: sha512-ksqPP5jbFXcYreEQ7zdJh06rJQBymCTyGRCdaXjfcf2aG4f8KxUWY5wcgYHmaTK+FJ4bPG5sUAdOX+6trnH1JA==}
    engines: {node: ^20.19.0 || >=22.12.0}
    cpu: [ia32]
    os: [win32]

  '@oxlint/binding-win32-x64-msvc@1.81.0':
    resolution: {integrity: sha512-IZuUCwGw9emG5JtCp+fYGB+Z4OWEoeEcM8R5BA1pYw63/ieYFVdcU2ylxTpHbVHSenZnsYE+ZZ20uHAJszQ4cA==}
    engines: {node: ^20.19.0 || >=22.12.0}
    cpu: [x64]
    os: [win32]

  '@types/node@25.5.2':
    resolution: {integrity: sha512-tO4ZIRKNC+MDWV4qKVZe3Ql/woTnmHDr5JD8UI5hn2pwBrHEwOEMZK7WlNb5RKB6EoJ02gwmQS9OrjuFnZYdpg==}

  graphql@16.11.0:
    resolution: {integrity: sha512-mS1lbMsxgQj6hge1XZ6p7GPhbrtFwUFYi3wRzXAC/FmYnyXMTvvI3td3rjmQ2u8ewXueaSvRPWaEcgVVOT9Jnw==}
    engines: {node: ^12.22.0 || ^14.16.0 || ^16.0.0 || >=17.0.0}

  oxlint@1.81.0:
    resolution: {integrity: sha512-HyrJYqeoOCL0iqaLEzGewGT48ZX99P3hxYh8udAF9RGGIghSamkXE4ClUyBpEDNqasamThgmlPbuMOe7SAZmHg==}
    engines: {node: ^20.19.0 || >=22.12.0}
    hasBin: true
    peerDependencies:
      oxlint-tsgolint: '>=7.0.2001'
      vite-plus: '*'
    peerDependenciesMeta:
      oxlint-tsgolint:
        optional: true
      vite-plus:
        optional: true

  typescript@6.0.3:
    resolution: {integrity: sha512-y2TvuxSZPDyQakkFRPZHKFm+KKVqIisdg9/CZwm9ftvKXLP8NRWj38/ODjNbr43SsoXqNuAisEf1GdCxqWcdBw==}
    engines: {node: '>=14.17'}
    hasBin: true

  undici-types@7.18.2:
    resolution: {integrity: sha512-AsuCzffGHJybSaRrmr5eHr81mwJU3kjw6M+uprWvCXiNeN9SOGwQ3Jn8jb8m3Z6izVgknn1R0FTCEAP2QrLY/w==}

  yaml@2.9.0:
    resolution: {integrity: sha512-2AvhNX3mb8zd6Zy7INTtSpl1F15HW6Wnqj0srWlkKLcpYl/gMIMJiyuGq2KeI2YFxUPjdlB+3Lc10seMLtL4cA==}
    engines: {node: '>= 14.6'}
    hasBin: true

snapshots:

  '@oxlint/binding-android-arm-eabi@1.81.0':
    optional: true

  '@oxlint/binding-android-arm64@1.81.0':
    optional: true

  '@oxlint/binding-darwin-arm64@1.81.0':
    optional: true

  '@oxlint/binding-darwin-x64@1.81.0':
    optional: true

  '@oxlint/binding-freebsd-x64@1.81.0':
    optional: true

  '@oxlint/binding-linux-arm-gnueabihf@1.81.0':
    optional: true

  '@oxlint/binding-linux-arm-musleabihf@1.81.0':
    optional: true

  '@oxlint/binding-linux-arm64-gnu@1.81.0':
    optional: true

  '@oxlint/binding-linux-arm64-musl@1.81.0':
    optional: true

  '@oxlint/binding-linux-ppc64-gnu@1.81.0':
    optional: true

  '@oxlint/binding-linux-riscv64-gnu@1.81.0':
    optional: true

  '@oxlint/binding-linux-riscv64-musl@1.81.0':
    optional: true

  '@oxlint/binding-linux-s390x-gnu@1.81.0':
    optional: true

  '@oxlint/binding-linux-x64-gnu@1.81.0':
    optional: true

  '@oxlint/binding-linux-x64-musl@1.81.0':
    optional: true

  '@oxlint/binding-openharmony-arm64@1.81.0':
    optional: true

  '@oxlint/binding-win32-arm64-msvc@1.81.0':
    optional: true

  '@oxlint/binding-win32-ia32-msvc@1.81.0':
    optional: true

  '@oxlint/binding-win32-x64-msvc@1.81.0':
    optional: true

  '@types/node@25.5.2':
    dependencies:
      undici-types: 7.18.2

  graphql@16.11.0: {}

  oxlint@1.81.0:
    optionalDependencies:
      '@oxlint/binding-android-arm-eabi': 1.81.0
      '@oxlint/binding-android-arm64': 1.81.0
      '@oxlint/binding-darwin-arm64': 1.81.0
      '@oxlint/binding-darwin-x64': 1.81.0
      '@oxlint/binding-freebsd-x64': 1.81.0
      '@oxlint/binding-linux-arm-gnueabihf': 1.81.0
      '@oxlint/binding-linux-arm-musleabihf': 1.81.0
      '@oxlint/binding-linux-arm64-gnu': 1.81.0
      '@oxlint/binding-linux-arm64-musl': 1.81.0
      '@oxlint/binding-linux-ppc64-gnu': 1.81.0
      '@oxlint/binding-linux-riscv64-gnu': 1.81.0
      '@oxlint/binding-linux-riscv64-musl': 1.81.0
      '@oxlint/binding-linux-s390x-gnu': 1.81.0
      '@oxlint/binding-linux-x64-gnu': 1.81.0
      '@oxlint/binding-linux-x64-musl': 1.81.0
      '@oxlint/binding-openharmony-arm64': 1.81.0
      '@oxlint/binding-win32-arm64-msvc': 1.81.0
      '@oxlint/binding-win32-ia32-msvc': 1.81.0
      '@oxlint/binding-win32-x64-msvc': 1.81.0

  typescript@6.0.3: {}

  undici-types@7.18.2: {}

  yaml@2.9.0: {}
